// !$*UTF8*$!
{
	archiveVersion = 1;
	classes = {
	};
	objectVersion = 56;
	objects = {

/* Begin PBXBuildFile section */
		EA3A494C2940A16F00B8FBB1 /* WardrobeViewController.swift in Sources */ = {isa = PBXBuildFile; fileRef = EA3A494B2940A16F00B8FBB1 /* WardrobeViewController.swift */; };
		EA3A494E2940A34000B8FBB1 /* Сlothes.swift in Sources */ = {isa = PBXBuildFile; fileRef = EA3A494D2940A34000B8FBB1 /* Сlothes.swift */; };
		EA3A49502940A66F00B8FBB1 /* SettingsViewController.swift in Sources */ = {isa = PBXBuildFile; fileRef = EA3A494F2940A66F00B8FBB1 /* SettingsViewController.swift */; };
		EA4005F82949DD81009DE12C /* WardrobeService.swift in Sources */ = {isa = PBXBuildFile; fileRef = EA4005F72949DD81009DE12C /* WardrobeService.swift */; };
		EA52EDDF2976FB2500573EB2 /* EditClothesViewController.swift in Sources */ = {isa = PBXBuildFile; fileRef = EA52EDDE2976FB2500573EB2 /* EditClothesViewController.swift */; };
		EA6D7E4D2971E5C700BF5377 /* AddClothesViewController.swift in Sources */ = {isa = PBXBuildFile; fileRef = EA6D7E4C2971E5C700BF5377 /* AddClothesViewController.swift */; };
		EA6E7EF92983EB7700A5C0AB /* LocationWeatherService.swift in Sources */ = {isa = PBXBuildFile; fileRef = EA6E7EF82983EB7700A5C0AB /* LocationWeatherService.swift */; };
		EA6E7EFB2983EC3E00A5C0AB /* Extensions.swift in Sources */ = {isa = PBXBuildFile; fileRef = EA6E7EFA2983EC3E00A5C0AB /* Extensions.swift */; };
		EA6E7EFD298436B900A5C0AB /* SortedWardrobeViewController.swift in Sources */ = {isa = PBXBuildFile; fileRef = EA6E7EFC298436B900A5C0AB /* SortedWardrobeViewController.swift */; };
		EADFDA772932320500B33E16 /* AppDelegate.swift in Sources */ = {isa = PBXBuildFile; fileRef = EADFDA762932320500B33E16 /* AppDelegate.swift */; };
		EADFDA792932320600B33E16 /* SceneDelegate.swift in Sources */ = {isa = PBXBuildFile; fileRef = EADFDA782932320600B33E16 /* SceneDelegate.swift */; };
		EADFDA7B2932320600B33E16 /* WeatherViewController.swift in Sources */ = {isa = PBXBuildFile; fileRef = EADFDA7A2932320600B33E16 /* WeatherViewController.swift */; };
		EADFDA7E2932320600B33E16 /* Main.storyboard in Resources */ = {isa = PBXBuildFile; fileRef = EADFDA7C2932320600B33E16 /* Main.storyboard */; };
		EADFDA802932320800B33E16 /* Assets.xcassets in Resources */ = {isa = PBXBuildFile; fileRef = EADFDA7F2932320800B33E16 /* Assets.xcassets */; };
		EADFDA832932320800B33E16 /* LaunchScreen.storyboard in Resources */ = {isa = PBXBuildFile; fileRef = EADFDA812932320800B33E16 /* LaunchScreen.storyboard */; };
		EADFDA8B29324B5B00B33E16 /* CurrentWeather.swift in Sources */ = {isa = PBXBuildFile; fileRef = EADFDA8A29324B5B00B33E16 /* CurrentWeather.swift */; };
		EAED86442972FBA50099F2CE /* ImagePicker.swift in Sources */ = {isa = PBXBuildFile; fileRef = EAED86432972FBA50099F2CE /* ImagePicker.swift */; };
/* End PBXBuildFile section */

/* Begin PBXFileReference section */
		EA3A494B2940A16F00B8FBB1 /* WardrobeViewController.swift */ = {isa = PBXFileReference; lastKnownFileType = sourcecode.swift; path = WardrobeViewController.swift; sourceTree = "<group>"; };
		EA3A494D2940A34000B8FBB1 /* Сlothes.swift */ = {isa = PBXFileReference; lastKnownFileType = sourcecode.swift; path = "Сlothes.swift"; sourceTree = "<group>"; };
		EA3A494F2940A66F00B8FBB1 /* SettingsViewController.swift */ = {isa = PBXFileReference; lastKnownFileType = sourcecode.swift; path = SettingsViewController.swift; sourceTree = "<group>"; };
		EA4005F72949DD81009DE12C /* WardrobeService.swift */ = {isa = PBXFileReference; lastKnownFileType = sourcecode.swift; path = WardrobeService.swift; sourceTree = "<group>"; };
		EA52EDDE2976FB2500573EB2 /* EditClothesViewController.swift */ = {isa = PBXFileReference; lastKnownFileType = sourcecode.swift; path = EditClothesViewController.swift; sourceTree = "<group>"; };
		EA6D7E4C2971E5C700BF5377 /* AddClothesViewController.swift */ = {isa = PBXFileReference; lastKnownFileType = sourcecode.swift; path = AddClothesViewController.swift; sourceTree = "<group>"; };
		EA6E7EF82983EB7700A5C0AB /* LocationWeatherService.swift */ = {isa = PBXFileReference; lastKnownFileType = sourcecode.swift; path = LocationWeatherService.swift; sourceTree = "<group>"; };
		EA6E7EFA2983EC3E00A5C0AB /* Extensions.swift */ = {isa = PBXFileReference; lastKnownFileType = sourcecode.swift; path = Extensions.swift; sourceTree = "<group>"; };
		EA6E7EFC298436B900A5C0AB /* SortedWardrobeViewController.swift */ = {isa = PBXFileReference; lastKnownFileType = sourcecode.swift; path = SortedWardrobeViewController.swift; sourceTree = "<group>"; };
		EADFDA732932320500B33E16 /* Wardrobe.app */ = {isa = PBXFileReference; explicitFileType = wrapper.application; includeInIndex = 0; path = Wardrobe.app; sourceTree = BUILT_PRODUCTS_DIR; };
		EADFDA762932320500B33E16 /* AppDelegate.swift */ = {isa = PBXFileReference; lastKnownFileType = sourcecode.swift; path = AppDelegate.swift; sourceTree = "<group>"; };
		EADFDA782932320600B33E16 /* SceneDelegate.swift */ = {isa = PBXFileReference; lastKnownFileType = sourcecode.swift; path = SceneDelegate.swift; sourceTree = "<group>"; };
		EADFDA7A2932320600B33E16 /* WeatherViewController.swift */ = {isa = PBXFileReference; lastKnownFileType = sourcecode.swift; path = WeatherViewController.swift; sourceTree = "<group>"; };
		EADFDA7D2932320600B33E16 /* Base */ = {isa = PBXFileReference; lastKnownFileType = file.storyboard; name = Base; path = Base.lproj/Main.storyboard; sourceTree = "<group>"; };
		EADFDA7F2932320800B33E16 /* Assets.xcassets */ = {isa = PBXFileReference; lastKnownFileType = folder.assetcatalog; path = Assets.xcassets; sourceTree = "<group>"; };
		EADFDA822932320800B33E16 /* Base */ = {isa = PBXFileReference; lastKnownFileType = file.storyboard; name = Base; path = Base.lproj/LaunchScreen.storyboard; sourceTree = "<group>"; };
		EADFDA842932320800B33E16 /* Info.plist */ = {isa = PBXFileReference; lastKnownFileType = text.plist.xml; path = Info.plist; sourceTree = "<group>"; };
		EADFDA8A29324B5B00B33E16 /* CurrentWeather.swift */ = {isa = PBXFileReference; lastKnownFileType = sourcecode.swift; path = CurrentWeather.swift; sourceTree = "<group>"; };
		EAED86432972FBA50099F2CE /* ImagePicker.swift */ = {isa = PBXFileReference; lastKnownFileType = sourcecode.swift; path = ImagePicker.swift; sourceTree = "<group>"; };
/* End PBXFileReference section */

/* Begin PBXFrameworksBuildPhase section */
		EADFDA702932320500B33E16 /* Frameworks */ = {
			isa = PBXFrameworksBuildPhase;
			buildActionMask = 2147483647;
			files = (
			);
			runOnlyForDeploymentPostprocessing = 0;
		};
/* End PBXFrameworksBuildPhase section */

/* Begin PBXGroup section */
		EADFDA6A2932320500B33E16 = {
			isa = PBXGroup;
			children = (
				EADFDA752932320500B33E16 /* Wardrobe */,
				EADFDA742932320500B33E16 /* Products */,
			);
			sourceTree = "<group>";
		};
		EADFDA742932320500B33E16 /* Products */ = {
			isa = PBXGroup;
			children = (
				EADFDA732932320500B33E16 /* Wardrobe.app */,
			);
			name = Products;
			sourceTree = "<group>";
		};
		EADFDA752932320500B33E16 /* Wardrobe */ = {
			isa = PBXGroup;
			children = (
				EADFDA762932320500B33E16 /* AppDelegate.swift */,
				EADFDA782932320600B33E16 /* SceneDelegate.swift */,
				EADFDA7A2932320600B33E16 /* WeatherViewController.swift */,
				EA6E7EF82983EB7700A5C0AB /* LocationWeatherService.swift */,
				EADFDA8A29324B5B00B33E16 /* CurrentWeather.swift */,
				EA3A494B2940A16F00B8FBB1 /* WardrobeViewController.swift */,
				EA6E7EFC298436B900A5C0AB /* SortedWardrobeViewController.swift */,
				EA4005F72949DD81009DE12C /* WardrobeService.swift */,
				EA6D7E4C2971E5C700BF5377 /* AddClothesViewController.swift */,
				EA52EDDE2976FB2500573EB2 /* EditClothesViewController.swift */,
				EAED86432972FBA50099F2CE /* ImagePicker.swift */,
				EA3A494F2940A66F00B8FBB1 /* SettingsViewController.swift */,
				EA3A494D2940A34000B8FBB1 /* Сlothes.swift */,
				EA6E7EFA2983EC3E00A5C0AB /* Extensions.swift */,
				EADFDA7C2932320600B33E16 /* Main.storyboard */,
				EADFDA7F2932320800B33E16 /* Assets.xcassets */,
				EADFDA812932320800B33E16 /* LaunchScreen.storyboard */,
				EADFDA842932320800B33E16 /* Info.plist */,
			);
			path = Wardrobe;
			sourceTree = "<group>";
		};
/* End PBXGroup section */

/* Begin PBXNativeTarget section */
		EADFDA722932320500B33E16 /* Wardrobe */ = {
			isa = PBXNativeTarget;
			buildConfigurationList = EADFDA872932320800B33E16 /* Build configuration list for PBXNativeTarget "Wardrobe" */;
			buildPhases = (
				EADFDA6F2932320500B33E16 /* Sources */,
				EADFDA702932320500B33E16 /* Frameworks */,
				EADFDA712932320500B33E16 /* Resources */,
			);
			buildRules = (
			);
			dependencies = (
			);
			name = Wardrobe;
			productName = Wardrobe;
			productReference = EADFDA732932320500B33E16 /* Wardrobe.app */;
			productType = "com.apple.product-type.application";
		};
/* End PBXNativeTarget section */

/* Begin PBXProject section */
		EADFDA6B2932320500B33E16 /* Project object */ = {
			isa = PBXProject;
			attributes = {
				BuildIndependentTargetsInParallel = 1;
				LastSwiftUpdateCheck = 1400;
				LastUpgradeCheck = 1400;
				TargetAttributes = {
					EADFDA722932320500B33E16 = {
						CreatedOnToolsVersion = 14.0;
					};
				};
			};
			buildConfigurationList = EADFDA6E2932320500B33E16 /* Build configuration list for PBXProject "Wardrobe" */;
			compatibilityVersion = "Xcode 14.0";
			developmentRegion = en;
			hasScannedForEncodings = 0;
			knownRegions = (
				en,
				Base,
			);
			mainGroup = EADFDA6A2932320500B33E16;
			productRefGroup = EADFDA742932320500B33E16 /* Products */;
			projectDirPath = "";
			projectRoot = "";
			targets = (
				EADFDA722932320500B33E16 /* Wardrobe */,
			);
		};
/* End PBXProject section */

/* Begin PBXResourcesBuildPhase section */
		EADFDA712932320500B33E16 /* Resources */ = {
			isa = PBXResourcesBuildPhase;
			buildActionMask = 2147483647;
			files = (
				EADFDA832932320800B33E16 /* LaunchScreen.storyboard in Resources */,
				EADFDA802932320800B33E16 /* Assets.xcassets in Resources */,
				EADFDA7E2932320600B33E16 /* Main.storyboard in Resources */,
			);
			runOnlyForDeploymentPostprocessing = 0;
		};
/* End PBXResourcesBuildPhase section */

/* Begin PBXSourcesBuildPhase section */
		EADFDA6F2932320500B33E16 /* Sources */ = {
			isa = PBXSourcesBuildPhase;
			buildActionMask = 2147483647;
			files = (
				EA6E7EF92983EB7700A5C0AB /* LocationWeatherService.swift in Sources */,
				EA3A494E2940A34000B8FBB1 /* Сlothes.swift in Sources */,
				EADFDA7B2932320600B33E16 /* WeatherViewController.swift in Sources */,
				EA3A494C2940A16F00B8FBB1 /* WardrobeViewController.swift in Sources */,
				EA6E7EFD298436B900A5C0AB /* SortedWardrobeViewController.swift in Sources */,
				EADFDA772932320500B33E16 /* AppDelegate.swift in Sources */,
				EADFDA8B29324B5B00B33E16 /* CurrentWeather.swift in Sources */,
				EA4005F82949DD81009DE12C /* WardrobeService.swift in Sources */,
				EAED86442972FBA50099F2CE /* ImagePicker.swift in Sources */,
				EA6E7EFB2983EC3E00A5C0AB /* Extensions.swift in Sources */,
				EADFDA792932320600B33E16 /* SceneDelegate.swift in Sources */,
				EA52EDDF2976FB2500573EB2 /* EditClothesViewController.swift in Sources */,
				EA3A49502940A66F00B8FBB1 /* SettingsViewController.swift in Sources */,
				EA6D7E4D2971E5C700BF5377 /* AddClothesViewController.swift in Sources */,
			);
			runOnlyForDeploymentPostprocessing = 0;
		};
/* End PBXSourcesBuildPhase section */

/* Begin PBXVariantGroup section */
		EADFDA7C2932320600B33E16 /* Main.storyboard */ = {
			isa = PBXVariantGroup;
			children = (
				EADFDA7D2932320600B33E16 /* Base */,
			);
			name = Main.storyboard;
			sourceTree = "<group>";
		};
		EADFDA812932320800B33E16 /* LaunchScreen.storyboard */ = {
			isa = PBXVariantGroup;
			children = (
				EADFDA822932320800B33E16 /* Base */,
			);
			name = LaunchScreen.storyboard;
			sourceTree = "<group>";
		};
/* End PBXVariantGroup section */

/* Begin XCBuildConfiguration section */
		EADFDA852932320800B33E16 /* Debug */ = {
			isa = XCBuildConfiguration;
			buildSettings = {
				ALWAYS_SEARCH_USER_PATHS = NO;
				CLANG_ANALYZER_NONNULL = YES;
				CLANG_ANALYZER_NUMBER_OBJECT_CONVERSION = YES_AGGRESSIVE;
				CLANG_CXX_LANGUAGE_STANDARD = "gnu++20";
				CLANG_ENABLE_MODULES = YES;
				CLANG_ENABLE_OBJC_ARC = YES;
				CLANG_ENABLE_OBJC_WEAK = YES;
				CLANG_WARN_BLOCK_CAPTURE_AUTORELEASING = YES;
				CLANG_WARN_BOOL_CONVERSION = YES;
				CLANG_WARN_COMMA = YES;
				CLANG_WARN_CONSTANT_CONVERSION = YES;
				CLANG_WARN_DEPRECATED_OBJC_IMPLEMENTATIONS = YES;
				CLANG_WARN_DIRECT_OBJC_ISA_USAGE = YES_ERROR;
				CLANG_WARN_DOCUMENTATION_COMMENTS = YES;
				CLANG_WARN_EMPTY_BODY = YES;
				CLANG_WARN_ENUM_CONVERSION = YES;
				CLANG_WARN_INFINITE_RECURSION = YES;
				CLANG_WARN_INT_CONVERSION = YES;
				CLANG_WARN_NON_LITERAL_NULL_CONVERSION = YES;
				CLANG_WARN_OBJC_IMPLICIT_RETAIN_SELF = YES;
				CLANG_WARN_OBJC_LITERAL_CONVERSION = YES;
				CLANG_WARN_OBJC_ROOT_CLASS = YES_ERROR;
				CLANG_WARN_QUOTED_INCLUDE_IN_FRAMEWORK_HEADER = YES;
				CLANG_WARN_RANGE_LOOP_ANALYSIS = YES;
				CLANG_WARN_STRICT_PROTOTYPES = YES;
				CLANG_WARN_SUSPICIOUS_MOVE = YES;
				CLANG_WARN_UNGUARDED_AVAILABILITY = YES_AGGRESSIVE;
				CLANG_WARN_UNREACHABLE_CODE = YES;
				CLANG_WARN__DUPLICATE_METHOD_MATCH = YES;
				COPY_PHASE_STRIP = NO;
				DEBUG_INFORMATION_FORMAT = dwarf;
				ENABLE_STRICT_OBJC_MSGSEND = YES;
				ENABLE_TESTABILITY = YES;
				GCC_C_LANGUAGE_STANDARD = gnu11;
				GCC_DYNAMIC_NO_PIC = NO;
				GCC_NO_COMMON_BLOCKS = YES;
				GCC_OPTIMIZATION_LEVEL = 0;
				GCC_PREPROCESSOR_DEFINITIONS = (
					"DEBUG=1",
					"$(inherited)",
				);
				GCC_WARN_64_TO_32_BIT_CONVERSION = YES;
				GCC_WARN_ABOUT_RETURN_TYPE = YES_ERROR;
				GCC_WARN_UNDECLARED_SELECTOR = YES;
				GCC_WARN_UNINITIALIZED_AUTOS = YES_AGGRESSIVE;
				GCC_WARN_UNUSED_FUNCTION = YES;
				GCC_WARN_UNUSED_VARIABLE = YES;
				IPHONEOS_DEPLOYMENT_TARGET = 16.0;
				MTL_ENABLE_DEBUG_INFO = INCLUDE_SOURCE;
				MTL_FAST_MATH = YES;
				ONLY_ACTIVE_ARCH = YES;
				SDKROOT = iphoneos;
				SWIFT_ACTIVE_COMPILATION_CONDITIONS = DEBUG;
				SWIFT_OPTIMIZATION_LEVEL = "-Onone";
			};
			name = Debug;
		};
		EADFDA862932320800B33E16 /* Release */ = {
			isa = XCBuildConfiguration;
			buildSettings = {
				ALWAYS_SEARCH_USER_PATHS = NO;
				CLANG_ANALYZER_NONNULL = YES;
				CLANG_ANALYZER_NUMBER_OBJECT_CONVERSION = YES_AGGRESSIVE;
				CLANG_CXX_LANGUAGE_STANDARD = "gnu++20";
				CLANG_ENABLE_MODULES = YES;
				CLANG_ENABLE_OBJC_ARC = YES;
				CLANG_ENABLE_OBJC_WEAK = YES;
				CLANG_WARN_BLOCK_CAPTURE_AUTORELEASING = YES;
				CLANG_WARN_BOOL_CONVERSION = YES;
				CLANG_WARN_COMMA = YES;
				CLANG_WARN_CONSTANT_CONVERSION = YES;
				CLANG_WARN_DEPRECATED_OBJC_IMPLEMENTATIONS = YES;
				CLANG_WARN_DIRECT_OBJC_ISA_USAGE = YES_ERROR;
				CLANG_WARN_DOCUMENTATION_COMMENTS = YES;
				CLANG_WARN_EMPTY_BODY = YES;
				CLANG_WARN_ENUM_CONVERSION = YES;
				CLANG_WARN_INFINITE_RECURSION = YES;
				CLANG_WARN_INT_CONVERSION = YES;
				CLANG_WARN_NON_LITERAL_NULL_CONVERSION = YES;
				CLANG_WARN_OBJC_IMPLICIT_RETAIN_SELF = YES;
				CLANG_WARN_OBJC_LITERAL_CONVERSION = YES;
				CLANG_WARN_OBJC_ROOT_CLASS = YES_ERROR;
				CLANG_WARN_QUOTED_INCLUDE_IN_FRAMEWORK_HEADER = YES;
				CLANG_WARN_RANGE_LOOP_ANALYSIS = YES;
				CLANG_WARN_STRICT_PROTOTYPES = YES;
				CLANG_WARN_SUSPICIOUS_MOVE = YES;
				CLANG_WARN_UNGUARDED_AVAILABILITY = YES_AGGRESSIVE;
				CLANG_WARN_UNREACHABLE_CODE = YES;
				CLANG_WARN__DUPLICATE_METHOD_MATCH = YES;
				COPY_PHASE_STRIP = NO;
				DEBUG_INFORMATION_FORMAT = "dwarf-with-dsym";
				ENABLE_NS_ASSERTIONS = NO;
				ENABLE_STRICT_OBJC_MSGSEND = YES;
				GCC_C_LANGUAGE_STANDARD = gnu11;
				GCC_NO_COMMON_BLOCKS = YES;
				GCC_WARN_64_TO_32_BIT_CONVERSION = YES;
				GCC_WARN_ABOUT_RETURN_TYPE = YES_ERROR;
				GCC_WARN_UNDECLARED_SELECTOR = YES;
				GCC_WARN_UNINITIALIZED_AUTOS = YES_AGGRESSIVE;
				GCC_WARN_UNUSED_FUNCTION = YES;
				GCC_WARN_UNUSED_VARIABLE = YES;
				IPHONEOS_DEPLOYMENT_TARGET = 16.0;
				MTL_ENABLE_DEBUG_INFO = NO;
				MTL_FAST_MATH = YES;
				SDKROOT = iphoneos;
				SWIFT_COMPILATION_MODE = wholemodule;
				SWIFT_OPTIMIZATION_LEVEL = "-O";
				VALIDATE_PRODUCT = YES;
			};
			name = Release;
		};
		EADFDA882932320800B33E16 /* Debug */ = {
			isa = XCBuildConfiguration;
			buildSettings = {
				ASSETCATALOG_COMPILER_APPICON_NAME = AppIcon;
				ASSETCATALOG_COMPILER_GLOBAL_ACCENT_COLOR_NAME = AccentColor;
				CODE_SIGN_STYLE = Automatic;
				CURRENT_PROJECT_VERSION = 1;
				DEVELOPMENT_TEAM = A87RVX8TPK;
				GENERATE_INFOPLIST_FILE = YES;
				INFOPLIST_FILE = Wardrobe/Info.plist;
				INFOPLIST_KEY_UIApplicationSupportsIndirectInputEvents = YES;
				INFOPLIST_KEY_UILaunchStoryboardName = LaunchScreen;
				INFOPLIST_KEY_UIMainStoryboardFile = Main;
				INFOPLIST_KEY_UISupportedInterfaceOrientations_iPad = "UIInterfaceOrientationPortrait UIInterfaceOrientationPortraitUpsideDown UIInterfaceOrientationLandscapeLeft UIInterfaceOrientationLandscapeRight";
				INFOPLIST_KEY_UISupportedInterfaceOrientations_iPhone = "UIInterfaceOrientationPortrait UIInterfaceOrientationLandscapeLeft UIInterfaceOrientationLandscapeRight";
				LD_RUNPATH_SEARCH_PATHS = (
					"$(inherited)",
					"@executable_path/Frameworks",
				);
				MARKETING_VERSION = 1.0;
				PRODUCT_BUNDLE_IDENTIFIER = com.arseniy.Wardrobe;
				PRODUCT_NAME = "$(TARGET_NAME)";
				SWIFT_EMIT_LOC_STRINGS = YES;
				SWIFT_VERSION = 5.0;
				TARGETED_DEVICE_FAMILY = "1,2";
			};
			name = Debug;
		};
		EADFDA892932320800B33E16 /* Release */ = {
			isa = XCBuildConfiguration;
			buildSettings = {
				ASSETCATALOG_COMPILER_APPICON_NAME = AppIcon;
				ASSETCATALOG_COMPILER_GLOBAL_ACCENT_COLOR_NAME = AccentColor;
				CODE_SIGN_STYLE = Automatic;
				CURRENT_PROJECT_VERSION = 1;
				DEVELOPMENT_TEAM = A87RVX8TPK;
				GENERATE_INFOPLIST_FILE = YES;
				INFOPLIST_FILE = Wardrobe/Info.plist;
				INFOPLIST_KEY_UIApplicationSupportsIndirectInputEvents = YES;
				INFOPLIST_KEY_UILaunchStoryboardName = LaunchScreen;
				INFOPLIST_KEY_UIMainStoryboardFile = Main;
				INFOPLIST_KEY_UISupportedInterfaceOrientations_iPad = "UIInterfaceOrientationPortrait UIInterfaceOrientationPortraitUpsideDown UIInterfaceOrientationLandscapeLeft UIInterfaceOrientationLandscapeRight";
				INFOPLIST_KEY_UISupportedInterfaceOrientations_iPhone = "UIInterfaceOrientationPortrait UIInterfaceOrientationLandscapeLeft UIInterfaceOrientationLandscapeRight";
				LD_RUNPATH_SEARCH_PATHS = (
					"$(inherited)",
					"@executable_path/Frameworks",
				);
				MARKETING_VERSION = 1.0;
				PRODUCT_BUNDLE_IDENTIFIER = com.arseniy.Wardrobe;
				PRODUCT_NAME = "$(TARGET_NAME)";
				SWIFT_EMIT_LOC_STRINGS = YES;
				SWIFT_VERSION = 5.0;
				TARGETED_DEVICE_FAMILY = "1,2";
			};
			name = Release;
		};
/* End XCBuildConfiguration section */

/* Begin XCConfigurationList section */
		EADFDA6E2932320500B33E16 /* Build configuration list for PBXProject "Wardrobe" */ = {
			isa = XCConfigurationList;
			buildConfigurations = (
				EADFDA852932320800B33E16 /* Debug */,
				EADFDA862932320800B33E16 /* Release */,
			);
			defaultConfigurationIsVisible = 0;
			defaultConfigurationName = Release;
		};
		EADFDA872932320800B33E16 /* Build configuration list for PBXNativeTarget "Wardrobe" */ = {
			isa = XCConfigurationList;
			buildConfigurations = (
				EADFDA882932320800B33E16 /* Debug */,
				EADFDA892932320800B33E16 /* Release */,
			);
			defaultConfigurationIsVisible = 0;
			defaultConfigurationName = Release;
		};
/* End XCConfigurationList section */
	};
	rootObject = EADFDA6B2932320500B33E16 /* Project object */;
}
